
Microsoft Visual Studio Solution File, Format Version 12.00
# Visual Studio Version 16
VisualStudioVersion = 16.0.31729.503
MinimumVisualStudioVersion = 10.0.40219.1
Project("{FAE04EC0-301F-11D3-BF4B-00C04F79EFBC}") = "KomodoInsurance.UI", "KomodoInsurance.UI\KomodoInsurance.UI.csproj", "{C56DECAB-8E39-4CAE-99EC-D6D7B24FD1B7}"
EndProject
Project("{FAE04EC0-301F-11D3-BF4B-00C04F79EFBC}") = "KomodoInsurance.Repo", "KomodoInsurance.Repo\KomodoInsurance.Repo.csproj", "{2A770C2F-2E44-47C7-B211-7A7E6FCBB838}"
EndProject
Project("{FAE04EC0-301F-11D3-BF4B-00C04F79EFBC}") = "KomodoInsurance.POCO", "KomodoInsurance.POCO\KomodoInsurance.POCO.csproj", "{5E6BE9A5-5BF6-4662-A145-1137126DAA3E}"
EndProject
Global
	GlobalSection(SolutionConfigurationPlatforms) = preSolution
		Debug|Any CPU = Debug|Any CPU
		Release|Any CPU = Release|Any CPU
	EndGlobalSection
	GlobalSection(ProjectConfigurationPlatforms) = postSolution
		{C56DECAB-8E39-4CAE-99EC-D6D7B24FD1B7}.Debug|Any CPU.ActiveCfg = Debug|Any CPU
		{C56DECAB-8E39-4CAE-99EC-D6D7B24FD1B7}.Debug|Any CPU.Build.0 = Debug|Any CPU
		{C56DECAB-8E39-4CAE-99EC-D6D7B24FD1B7}.Release|Any CPU.ActiveCfg = Release|Any CPU
		{C56DECAB-8E39-4CAE-99EC-D6D7B24FD1B7}.Release|Any CPU.Build.0 = Release|Any CPU
		{2A770C2F-2E44-47C7-B211-7A7E6FCBB838}.Debug|Any CPU.ActiveCfg = Debug|Any CPU
		{2A770C2F-2E44-47C7-B211-7A7E6FCBB838}.Debug|Any CPU.Build.0 = Debug|Any CPU
		{2A770C2F-2E44-47C7-B211-7A7E6FCBB838}.Release|Any CPU.ActiveCfg = Release|Any CPU
		{2A770C2F-2E44-47C7-B211-7A7E6FCBB838}.Release|Any CPU.Build.0 = Release|Any CPU
		{5E6BE9A5-5BF6-4662-A145-1137126DAA3E}.Debug|Any CPU.ActiveCfg = Debug|Any CPU
		{5E6BE9A5-5BF6-4662-A145-1137126DAA3E}.Debug|Any CPU.Build.0 = Debug|Any CPU
		{5E6BE9A5-5BF6-4662-A145-1137126DAA3E}.Release|Any CPU.ActiveCfg = Release|Any CPU
		{5E6BE9A5-5BF6-4662-A145-1137126DAA3E}.Release|Any CPU.Build.0 = Release|Any CPU
	EndGlobalSection
	GlobalSection(SolutionProperties) = preSolution
		HideSolutionNode = FALSE
	EndGlobalSection
	GlobalSection(ExtensibilityGlobals) = postSolution
		SolutionGuid = {A48B9D8D-3D38-44C0-B48D-FE3B831A8C8A}
	EndGlobalSection
EndGlobal
